
Microsoft Visual Studio Solution File, Format Version 12.00
# Visual Studio Version 17
VisualStudioVersion = 17.14.36109.1 d17.14
MinimumVisualStudioVersion = 10.0.40219.1
Project("{FAE04EC0-301F-11D3-BF4B-00C04F79EFBC}") = "WarpModClient", "WarpModClient\WarpModClient.csproj", "{9DC77640-E8FB-4224-A332-F0CBA14378D0}"
EndProject
Global
	GlobalSection(SolutionConfigurationPlatforms) = preSolution
		Debug|x64 = Debug|x64
		Release|x64 = Release|x64
	EndGlobalSection
	GlobalSection(ProjectConfigurationPlatforms) = postSolution
		{9DC77640-E8FB-4224-A332-F0CBA14378D0}.Debug|x64.ActiveCfg = Debug|x64
		{9DC77640-E8FB-4224-A332-F0CBA14378D0}.Debug|x64.Build.0 = Debug|x64
		{9DC77640-E8FB-4224-A332-F0CBA14378D0}.Release|x64.ActiveCfg = Release|x64
		{9DC77640-E8FB-4224-A332-F0CBA14378D0}.Release|x64.Build.0 = Release|x64
	EndGlobalSection
	GlobalSection(SolutionProperties) = preSolution
		HideSolutionNode = FALSE
	EndGlobalSection
	GlobalSection(ExtensibilityGlobals) = postSolution
		SolutionGuid = {787DB6C7-FCF1-4AA6-90A6-E8207703A8AB}
	EndGlobalSection
EndGlobal
